{
  "name": "react-native-logg-handler",
  "version": "0.1.3",
  "lockfileVersion": 1,
  "requires": true,
  "dependencies": {
    "@react-native-async-storage/async-storage": {
      "version": "1.15.11",
      "resolved": "https://registry.npmjs.org/@react-native-async-storage/async-storage/-/async-storage-1.15.11.tgz",
      "integrity": "sha512-l/I+PK+lh5M25QSdk44aX+UR63ian2d2CSx6WbydwU+RUZmKP7eOEPe+OeaTWgfOFSVtlEqEcP2AbW2YM7ukMA==",
      "requires": {
        "merge-options": "^3.0.4"
      }
    },
    "@react-native-community/netinfo": {
      "version": "7.0.0",
      "resolved": "https://registry.npmjs.org/@react-native-community/netinfo/-/netinfo-7.0.0.tgz",
      "integrity": "sha512-vYqeWMBeQXV0eOjppPn81uj2PXLPAOBuBwxZrm096vDquZLUNOqV/+eX1M+rSczuVQCmYTbIZcMRmf4w18BpAg=="
    },
    "@types/node": {
      "version": "16.11.9",
      "resolved": "https://registry.npmjs.org/@types/node/-/node-16.11.9.tgz",
      "integrity": "sha512-MKmdASMf3LtPzwLyRrFjtFFZ48cMf8jmX5VRYrDQiJa8Ybu5VAmkqBWqKU8fdCwD8ysw4mQ9nrEHvzg6gunR7A==",
      "dev": true
    },
    "base-64": {
      "version": "0.1.0",
      "resolved": "https://registry.npmjs.org/base-64/-/base-64-0.1.0.tgz",
      "integrity": "sha1-eAqZyE59YAJgNhURxId2E78k9rs="
    },
    "is-plain-obj": {
      "version": "2.1.0",
      "resolved": "https://registry.npmjs.org/is-plain-obj/-/is-plain-obj-2.1.0.tgz",
      "integrity": "sha512-YWnfyRwxL/+SsrWYfOpUtz5b3YD+nyfkHvjbcanzk8zgyO4ASD67uVMRt8k5bM4lLMDnXfriRhOpemw+NfT1eA=="
    },
    "js-tokens": {
      "version": "4.0.0",
      "resolved": "https://registry.npmjs.org/js-tokens/-/js-tokens-4.0.0.tgz",
      "integrity": "sha512-RdJUflcE3cUzKiMqQgsCu06FPu9UdIJO0beYbPhHN4k6apgJtifcoCtT9bcxOpYBtpD2kCM6Sbzg4CausW/PKQ=="
    },
    "loose-envify": {
      "version": "1.4.0",
      "resolved": "https://registry.npmjs.org/loose-envify/-/loose-envify-1.4.0.tgz",
      "integrity": "sha512-lyuxPGr/Wfhrlem2CL/UcnUc1zcqKAImBDzukY7Y5F/yQiNdko6+fRLevlw1HgMySw7f611UIY408EtxRSoK3Q==",
      "requires": {
        "js-tokens": "^3.0.0 || ^4.0.0"
      }
    },
    "merge-options": {
      "version": "3.0.4",
      "resolved": "https://registry.npmjs.org/merge-options/-/merge-options-3.0.4.tgz",
      "integrity": "sha512-2Sug1+knBjkaMsMgf1ctR1Ujx+Ayku4EdJN4Z+C2+JzoeF7A3OZ9KM2GY0CpQS51NR61LTurMJrRKPhSs3ZRTQ==",
      "requires": {
        "is-plain-obj": "^2.1.0"
      }
    },
    "object-assign": {
      "version": "4.1.1",
      "resolved": "https://registry.npmjs.org/object-assign/-/object-assign-4.1.1.tgz",
      "integrity": "sha1-IQmtx5ZYh8/AXLvUQsrIv7s2CGM="
    },
    "react": {
      "version": "17.0.2",
      "resolved": "https://registry.npmjs.org/react/-/react-17.0.2.tgz",
      "integrity": "sha512-gnhPt75i/dq/z3/6q/0asP78D0u592D5L1pd7M8P+dck6Fu/jJeL6iVVK23fptSUZj8Vjf++7wXA8UNclGQcbA==",
      "requires": {
        "loose-envify": "^1.1.0",
        "object-assign": "^4.1.1"
      }
    },
    "react-native-fs": {
      "version": "2.18.0",
      "resolved": "https://registry.npmjs.org/react-native-fs/-/react-native-fs-2.18.0.tgz",
      "integrity": "sha512-9iQhkUNnN2JNED0in06JwZy88YEVyIGKWz4KLlQYxa5Y2U0U2AZh9FUHtA04oWj+xt2LlHh0LFPCzhmNsAsUDg==",
      "requires": {
        "base-64": "^0.1.0",
        "utf8": "^3.0.0"
      }
    },
    "react-native-uuid": {
      "version": "2.0.1",
      "resolved": "https://registry.npmjs.org/react-native-uuid/-/react-native-uuid-2.0.1.tgz",
      "integrity": "sha512-cptnoIbL53GTCrWlb/+jrDC6tvb7ypIyzbXNJcpR3Vab0mkeaaVd5qnB3f0whXYzS+SMoSQLcUUB0gEWqkPC0g=="
    },
    "utf8": {
      "version": "3.0.0",
      "resolved": "https://registry.npmjs.org/utf8/-/utf8-3.0.0.tgz",
      "integrity": "sha512-E8VjFIQ/TyQgp+TZfS6l8yp/xWppSAHzidGiRrqe4bK4XP9pTRyKFgGJpO3SN7zdX4DeomTrwaseCHovfpFcqQ=="
    }
  }
}
